
Microsoft Visual Studio Solution File, Format Version 12.00
# Visual Studio Version 16
VisualStudioVersion = 16.0.32407.337
MinimumVisualStudioVersion = 10.0.40219.1
Project("{FAE04EC0-301F-11D3-BF4B-00C04F79EFBC}") = "RUAPLV", "RUAPLV\RUAPLV.csproj", "{9057689E-8571-4ED9-B7EE-D94A421248BE}"
EndProject
Global
	GlobalSection(SolutionConfigurationPlatforms) = preSolution
		Debug|Any CPU = Debug|Any CPU
		Release|Any CPU = Release|Any CPU
	EndGlobalSection
	GlobalSection(ProjectConfigurationPlatforms) = postSolution
		{9057689E-8571-4ED9-B7EE-D94A421248BE}.Debug|Any CPU.ActiveCfg = Debug|Any CPU
		{9057689E-8571-4ED9-B7EE-D94A421248BE}.Debug|Any CPU.Build.0 = Debug|Any CPU
		{9057689E-8571-4ED9-B7EE-D94A421248BE}.Release|Any CPU.ActiveCfg = Release|Any CPU
		{9057689E-8571-4ED9-B7EE-D94A421248BE}.Release|Any CPU.Build.0 = Release|Any CPU
	EndGlobalSection
	GlobalSection(SolutionProperties) = preSolution
		HideSolutionNode = FALSE
	EndGlobalSection
	GlobalSection(ExtensibilityGlobals) = postSolution
		SolutionGuid = {22244BDE-13F7-44A9-A36E-E6E507AC7528}
	EndGlobalSection
EndGlobal
